
Microsoft Visual Studio Solution File, Format Version 12.00
# Visual Studio Version 16
VisualStudioVersion = 16.0.31019.35
MinimumVisualStudioVersion = 10.0.40219.1
Project("{9A19103F-16F7-4668-BE54-9A1E7A4F7556}") = "FluentSqlBuilder.Core", "FluentSqlBuilder.Core\FluentSqlBuilder.Core.csproj", "{85DA24E1-B4A5-4C1B-8FB5-4CFAEE0219D4}"
EndProject
Project("{9A19103F-16F7-4668-BE54-9A1E7A4F7556}") = "FluentSqlBuilder.Test.Unit", "FluentSqlBuilder.Test.Unit\FluentSqlBuilder.Test.Unit.csproj", "{B1C2BF5A-D3F3-4ADE-AB97-963D72D6F253}"
EndProject
Project("{9A19103F-16F7-4668-BE54-9A1E7A4F7556}") = "FluentSqlBuilder.Playground.Console", "FluentSqlBuilder.Playground.Console\FluentSqlBuilder.Playground.Console.csproj", "{DCA989D0-8FFA-4FFC-86A8-2CFC61779B44}"
EndProject
Project("{9A19103F-16F7-4668-BE54-9A1E7A4F7556}") = "FluentSqlBuilder.Data", "FluentSqlBuilder.DataModel\FluentSqlBuilder.Data.csproj", "{D36409DB-897E-4107-904C-DFA5E37CC1B9}"
EndProject
Project("{E53339B2-1760-4266-BCC7-CA923CBCF16C}") = "docker-compose", "docker-compose.dcproj", "{FCE108B6-1751-4B77-B5F5-F7AC55B0F539}"
EndProject
Project("{FAE04EC0-301F-11D3-BF4B-00C04F79EFBC}") = "FluentSqlBuilder.Playground.Web", "FluentSqlBuilder.Playground.Web\FluentSqlBuilder.Playground.Web.csproj", "{843A259B-6341-407F-A72E-B617969AA74A}"
EndProject
Project("{2150E333-8FDC-42A3-9474-1A3956D46DE8}") = "Playground", "Playground", "{7F65AC9B-2386-49E7-8426-91027E1755E1}"
EndProject
Global
	GlobalSection(SolutionConfigurationPlatforms) = preSolution
		Debug|Any CPU = Debug|Any CPU
		Release|Any CPU = Release|Any CPU
	EndGlobalSection
	GlobalSection(ProjectConfigurationPlatforms) = postSolution
		{85DA24E1-B4A5-4C1B-8FB5-4CFAEE0219D4}.Debug|Any CPU.ActiveCfg = Debug|Any CPU
		{85DA24E1-B4A5-4C1B-8FB5-4CFAEE0219D4}.Debug|Any CPU.Build.0 = Debug|Any CPU
		{85DA24E1-B4A5-4C1B-8FB5-4CFAEE0219D4}.Release|Any CPU.ActiveCfg = Release|Any CPU
		{85DA24E1-B4A5-4C1B-8FB5-4CFAEE0219D4}.Release|Any CPU.Build.0 = Release|Any CPU
		{B1C2BF5A-D3F3-4ADE-AB97-963D72D6F253}.Debug|Any CPU.ActiveCfg = Debug|Any CPU
		{B1C2BF5A-D3F3-4ADE-AB97-963D72D6F253}.Debug|Any CPU.Build.0 = Debug|Any CPU
		{B1C2BF5A-D3F3-4ADE-AB97-963D72D6F253}.Release|Any CPU.ActiveCfg = Release|Any CPU
		{B1C2BF5A-D3F3-4ADE-AB97-963D72D6F253}.Release|Any CPU.Build.0 = Release|Any CPU
		{DCA989D0-8FFA-4FFC-86A8-2CFC61779B44}.Debug|Any CPU.ActiveCfg = Debug|Any CPU
		{DCA989D0-8FFA-4FFC-86A8-2CFC61779B44}.Debug|Any CPU.Build.0 = Debug|Any CPU
		{DCA989D0-8FFA-4FFC-86A8-2CFC61779B44}.Release|Any CPU.ActiveCfg = Release|Any CPU
		{DCA989D0-8FFA-4FFC-86A8-2CFC61779B44}.Release|Any CPU.Build.0 = Release|Any CPU
		{D36409DB-897E-4107-904C-DFA5E37CC1B9}.Debug|Any CPU.ActiveCfg = Debug|Any CPU
		{D36409DB-897E-4107-904C-DFA5E37CC1B9}.Debug|Any CPU.Build.0 = Debug|Any CPU
		{D36409DB-897E-4107-904C-DFA5E37CC1B9}.Release|Any CPU.ActiveCfg = Release|Any CPU
		{D36409DB-897E-4107-904C-DFA5E37CC1B9}.Release|Any CPU.Build.0 = Release|Any CPU
		{FCE108B6-1751-4B77-B5F5-F7AC55B0F539}.Debug|Any CPU.ActiveCfg = Debug|Any CPU
		{FCE108B6-1751-4B77-B5F5-F7AC55B0F539}.Debug|Any CPU.Build.0 = Debug|Any CPU
		{FCE108B6-1751-4B77-B5F5-F7AC55B0F539}.Release|Any CPU.ActiveCfg = Release|Any CPU
		{FCE108B6-1751-4B77-B5F5-F7AC55B0F539}.Release|Any CPU.Build.0 = Release|Any CPU
		{843A259B-6341-407F-A72E-B617969AA74A}.Debug|Any CPU.ActiveCfg = Debug|Any CPU
		{843A259B-6341-407F-A72E-B617969AA74A}.Debug|Any CPU.Build.0 = Debug|Any CPU
		{843A259B-6341-407F-A72E-B617969AA74A}.Release|Any CPU.ActiveCfg = Release|Any CPU
		{843A259B-6341-407F-A72E-B617969AA74A}.Release|Any CPU.Build.0 = Release|Any CPU
	EndGlobalSection
	GlobalSection(SolutionProperties) = preSolution
		HideSolutionNode = FALSE
	EndGlobalSection
	GlobalSection(NestedProjects) = preSolution
		{DCA989D0-8FFA-4FFC-86A8-2CFC61779B44} = {7F65AC9B-2386-49E7-8426-91027E1755E1}
		{843A259B-6341-407F-A72E-B617969AA74A} = {7F65AC9B-2386-49E7-8426-91027E1755E1}
	EndGlobalSection
	GlobalSection(ExtensibilityGlobals) = postSolution
		SolutionGuid = {2B188315-B048-432D-BCD9-B29F896931F3}
	EndGlobalSection
EndGlobal
